// !$*UTF8*$!
{
	archiveVersion = 1;
	classes = {
	};
	objectVersion = 46;
	objects = {

/* Begin PBXBuildFile section */
		B38593BF195860B70095E0D1 /* Foundation.framework in Frameworks */ = {isa = PBXBuildFile; fileRef = B38593BE195860B70095E0D1 /* Foundation.framework */; };
		B38593C1195860B70095E0D1 /* CoreGraphics.framework in Frameworks */ = {isa = PBXBuildFile; fileRef = B38593C0195860B70095E0D1 /* CoreGraphics.framework */; };
		B38593C3195860B70095E0D1 /* UIKit.framework in Frameworks */ = {isa = PBXBuildFile; fileRef = B38593C2195860B70095E0D1 /* UIKit.framework */; };
		B38593C9195860B70095E0D1 /* InfoPlist.strings in Resources */ = {isa = PBXBuildFile; fileRef = B38593C7195860B70095E0D1 /* InfoPlist.strings */; };
		B38593CB195860B70095E0D1 /* main.m in Sources */ = {isa = PBXBuildFile; fileRef = B38593CA195860B70095E0D1 /* main.m */; };
		B38593CF195860B70095E0D1 /* BNRAppDelegate.m in Sources */ = {isa = PBXBuildFile; fileRef = B38593CE195860B70095E0D1 /* BNRAppDelegate.m */; };
		B38593D1195860B70095E0D1 /* Images.xcassets in Resources */ = {isa = PBXBuildFile; fileRef = B38593D0195860B70095E0D1 /* Images.xcassets */; };
		B38593D8195860B70095E0D1 /* XCTest.framework in Frameworks */ = {isa = PBXBuildFile; fileRef = B38593D7195860B70095E0D1 /* XCTest.framework */; };
		B38593D9195860B70095E0D1 /* Foundation.framework in Frameworks */ = {isa = PBXBuildFile; fileRef = B38593BE195860B70095E0D1 /* Foundation.framework */; };
		B38593DA195860B70095E0D1 /* UIKit.framework in Frameworks */ = {isa = PBXBuildFile; fileRef = B38593C2195860B70095E0D1 /* UIKit.framework */; };
		B38593E2195860B70095E0D1 /* InfoPlist.strings in Resources */ = {isa = PBXBuildFile; fileRef = B38593E0195860B70095E0D1 /* InfoPlist.strings */; };
		B38593E4195860B70095E0D1 /* HypnosisterTests.m in Sources */ = {isa = PBXBuildFile; fileRef = B38593E3195860B70095E0D1 /* HypnosisterTests.m */; };
/* End PBXBuildFile section */

/* Begin PBXContainerItemProxy section */
		B38593DB195860B70095E0D1 /* PBXContainerItemProxy */ = {
			isa = PBXContainerItemProxy;
			containerPortal = B38593B3195860B70095E0D1 /* Project object */;
			proxyType = 1;
			remoteGlobalIDString = B38593BA195860B70095E0D1;
			remoteInfo = Hypnosister;
		};
/* End PBXContainerItemProxy section */

/* Begin PBXFileReference section */
		B38593BB195860B70095E0D1 /* Hypnosister.app */ = {isa = PBXFileReference; explicitFileType = wrapper.application; includeInIndex = 0; path = Hypnosister.app; sourceTree = BUILT_PRODUCTS_DIR; };
		B38593BE195860B70095E0D1 /* Foundation.framework */ = {isa = PBXFileReference; lastKnownFileType = wrapper.framework; name = Foundation.framework; path = System/Library/Frameworks/Foundation.framework; sourceTree = SDKROOT; };
		B38593C0195860B70095E0D1 /* CoreGraphics.framework */ = {isa = PBXFileReference; lastKnownFileType = wrapper.framework; name = CoreGraphics.framework; path = System/Library/Frameworks/CoreGraphics.framework; sourceTree = SDKROOT; };
		B38593C2195860B70095E0D1 /* UIKit.framework */ = {isa = PBXFileReference; lastKnownFileType = wrapper.framework; name = UIKit.framework; path = System/Library/Frameworks/UIKit.framework; sourceTree = SDKROOT; };
		B38593C6195860B70095E0D1 /* Hypnosister-Info.plist */ = {isa = PBXFileReference; lastKnownFileType = text.plist.xml; path = "Hypnosister-Info.plist"; sourceTree = "<group>"; };
		B38593C8195860B70095E0D1 /* en */ = {isa = PBXFileReference; lastKnownFileType = text.plist.strings; name = en; path = en.lproj/InfoPlist.strings; sourceTree = "<group>"; };
		B38593CA195860B70095E0D1 /* main.m */ = {isa = PBXFileReference; lastKnownFileType = sourcecode.c.objc; path = main.m; sourceTree = "<group>"; };
		B38593CC195860B70095E0D1 /* Hypnosister-Prefix.pch */ = {isa = PBXFileReference; lastKnownFileType = sourcecode.c.h; path = "Hypnosister-Prefix.pch"; sourceTree = "<group>"; };
		B38593CD195860B70095E0D1 /* BNRAppDelegate.h */ = {isa = PBXFileReference; lastKnownFileType = sourcecode.c.h; path = BNRAppDelegate.h; sourceTree = "<group>"; };
		B38593CE195860B70095E0D1 /* BNRAppDelegate.m */ = {isa = PBXFileReference; lastKnownFileType = sourcecode.c.objc; path = BNRAppDelegate.m; sourceTree = "<group>"; };
		B38593D0195860B70095E0D1 /* Images.xcassets */ = {isa = PBXFileReference; lastKnownFileType = folder.assetcatalog; path = Images.xcassets; sourceTree = "<group>"; };
		B38593D6195860B70095E0D1 /* HypnosisterTests.xctest */ = {isa = PBXFileReference; explicitFileType = wrapper.cfbundle; includeInIndex = 0; path = HypnosisterTests.xctest; sourceTree = BUILT_PRODUCTS_DIR; };
		B38593D7195860B70095E0D1 /* XCTest.framework */ = {isa = PBXFileReference; lastKnownFileType = wrapper.framework; name = XCTest.framework; path = Library/Frameworks/XCTest.framework; sourceTree = DEVELOPER_DIR; };
		B38593DF195860B70095E0D1 /* HypnosisterTests-Info.plist */ = {isa = PBXFileReference; lastKnownFileType = text.plist.xml; path = "HypnosisterTests-Info.plist"; sourceTree = "<group>"; };
		B38593E1195860B70095E0D1 /* en */ = {isa = PBXFileReference; lastKnownFileType = text.plist.strings; name = en; path = en.lproj/InfoPlist.strings; sourceTree = "<group>"; };
		B38593E3195860B70095E0D1 /* HypnosisterTests.m */ = {isa = PBXFileReference; lastKnownFileType = sourcecode.c.objc; path = HypnosisterTests.m; sourceTree = "<group>"; };
/* End PBXFileReference section */

/* Begin PBXFrameworksBuildPhase section */
		B38593B8195860B70095E0D1 /* Frameworks */ = {
			isa = PBXFrameworksBuildPhase;
			buildActionMask = 2147483647;
			files = (
				B38593C1195860B70095E0D1 /* CoreGraphics.framework in Frameworks */,
				B38593C3195860B70095E0D1 /* UIKit.framework in Frameworks */,
				B38593BF195860B70095E0D1 /* Foundation.framework in Frameworks */,
			);
			runOnlyForDeploymentPostprocessing = 0;
		};
		B38593D3195860B70095E0D1 /* Frameworks */ = {
			isa = PBXFrameworksBuildPhase;
			buildActionMask = 2147483647;
			files = (
				B38593D8195860B70095E0D1 /* XCTest.framework in Frameworks */,
				B38593DA195860B70095E0D1 /* UIKit.framework in Frameworks */,
				B38593D9195860B70095E0D1 /* Foundation.framework in Frameworks */,
			);
			runOnlyForDeploymentPostprocessing = 0;
		};
/* End PBXFrameworksBuildPhase section */

/* Begin PBXGroup section */
		B38593B2195860B70095E0D1 = {
			isa = PBXGroup;
			children = (
				B38593C4195860B70095E0D1 /* Hypnosister */,
				B38593DD195860B70095E0D1 /* HypnosisterTests */,
				B38593BD195860B70095E0D1 /* Frameworks */,
				B38593BC195860B70095E0D1 /* Products */,
			);
			sourceTree = "<group>";
		};
		B38593BC195860B70095E0D1 /* Products */ = {
			isa = PBXGroup;
			children = (
				B38593BB195860B70095E0D1 /* Hypnosister.app */,
				B38593D6195860B70095E0D1 /* HypnosisterTests.xctest */,
			);
			name = Products;
			sourceTree = "<group>";
		};
		B38593BD195860B70095E0D1 /* Frameworks */ = {
			isa = PBXGroup;
			children = (
				B38593BE195860B70095E0D1 /* Foundation.framework */,
				B38593C0195860B70095E0D1 /* CoreGraphics.framework */,
				B38593C2195860B70095E0D1 /* UIKit.framework */,
				B38593D7195860B70095E0D1 /* XCTest.framework */,
			);
			name = Frameworks;
			sourceTree = "<group>";
		};
		B38593C4195860B70095E0D1 /* Hypnosister */ = {
			isa = PBXGroup;
			children = (
				B38593CD195860B70095E0D1 /* BNRAppDelegate.h */,
				B38593CE195860B70095E0D1 /* BNRAppDelegate.m */,
				B38593D0195860B70095E0D1 /* Images.xcassets */,
				B38593C5195860B70095E0D1 /* Supporting Files */,
			);
			path = Hypnosister;
			sourceTree = "<group>";
		};
		B38593C5195860B70095E0D1 /* Supporting Files */ = {
			isa = PBXGroup;
			children = (
				B38593C6195860B70095E0D1 /* Hypnosister-Info.plist */,
				B38593C7195860B70095E0D1 /* InfoPlist.strings */,
				B38593CA195860B70095E0D1 /* main.m */,
				B38593CC195860B70095E0D1 /* Hypnosister-Prefix.pch */,
			);
			name = "Supporting Files";
			sourceTree = "<group>";
		};
		B38593DD195860B70095E0D1 /* HypnosisterTests */ = {
			isa = PBXGroup;
			children = (
				B38593E3195860B70095E0D1 /* HypnosisterTests.m */,
				B38593DE195860B70095E0D1 /* Supporting Files */,
			);
			path = HypnosisterTests;
			sourceTree = "<group>";
		};
		B38593DE195860B70095E0D1 /* Supporting Files */ = {
			isa = PBXGroup;
			children = (
				B38593DF195860B70095E0D1 /* HypnosisterTests-Info.plist */,
				B38593E0195860B70095E0D1 /* InfoPlist.strings */,
			);
			name = "Supporting Files";
			sourceTree = "<group>";
		};
/* End PBXGroup section */

/* Begin PBXNativeTarget section */
		B38593BA195860B70095E0D1 /* Hypnosister */ = {
			isa = PBXNativeTarget;
			buildConfigurationList = B38593E7195860B70095E0D1 /* Build configuration list for PBXNativeTarget "Hypnosister" */;
			buildPhases = (
				B38593B7195860B70095E0D1 /* Sources */,
				B38593B8195860B70095E0D1 /* Frameworks */,
				B38593B9195860B70095E0D1 /* Resources */,
			);
			buildRules = (
			);
			dependencies = (
			);
			name = Hypnosister;
			productName = Hypnosister;
			productReference = B38593BB195860B70095E0D1 /* Hypnosister.app */;
			productType = "com.apple.product-type.application";
		};
		B38593D5195860B70095E0D1 /* HypnosisterTests */ = {
			isa = PBXNativeTarget;
			buildConfigurationList = B38593EA195860B70095E0D1 /* Build configuration list for PBXNativeTarget "HypnosisterTests" */;
			buildPhases = (
				B38593D2195860B70095E0D1 /* Sources */,
				B38593D3195860B70095E0D1 /* Frameworks */,
				B38593D4195860B70095E0D1 /* Resources */,
			);
			buildRules = (
			);
			dependencies = (
				B38593DC195860B70095E0D1 /* PBXTargetDependency */,
			);
			name = HypnosisterTests;
			productName = HypnosisterTests;
			productReference = B38593D6195860B70095E0D1 /* HypnosisterTests.xctest */;
			productType = "com.apple.product-type.bundle.unit-test";
		};
/* End PBXNativeTarget section */

/* Begin PBXProject section */
		B38593B3195860B70095E0D1 /* Project object */ = {
			isa = PBXProject;
			attributes = {
				CLASSPREFIX = BNR;
				LastUpgradeCheck = 0510;
				ORGANIZATIONNAME = "Big Nerd Ranch";
				TargetAttributes = {
					B38593D5195860B70095E0D1 = {
						TestTargetID = B38593BA195860B70095E0D1;
					};
				};
			};
			buildConfigurationList = B38593B6195860B70095E0D1 /* Build configuration list for PBXProject "Hypnosister" */;
			compatibilityVersion = "Xcode 3.2";
			developmentRegion = English;
			hasScannedForEncodings = 0;
			knownRegions = (
				en,
			);
			mainGroup = B38593B2195860B70095E0D1;
			productRefGroup = B38593BC195860B70095E0D1 /* Products */;
			projectDirPath = "";
			projectRoot = "";
			targets = (
				B38593BA195860B70095E0D1 /* Hypnosister */,
				B38593D5195860B70095E0D1 /* HypnosisterTests */,
			);
		};
/* End PBXProject section */

/* Begin PBXResourcesBuildPhase section */
		B38593B9195860B70095E0D1 /* Resources */ = {
			isa = PBXResourcesBuildPhase;
			buildActionMask = 2147483647;
			files = (
				B38593C9195860B70095E0D1 /* InfoPlist.strings in Resources */,
				B38593D1195860B70095E0D1 /* Images.xcassets in Resources */,
			);
			runOnlyForDeploymentPostprocessing = 0;
		};
		B38593D4195860B70095E0D1 /* Resources */ = {
			isa = PBXResourcesBuildPhase;
			buildActionMask = 2147483647;
			files = (
				B38593E2195860B70095E0D1 /* InfoPlist.strings in Resources */,
			);
			runOnlyForDeploymentPostprocessing = 0;
		};
/* End PBXResourcesBuildPhase section */

/* Begin PBXSourcesBuildPhase section */
		B38593B7195860B70095E0D1 /* Sources */ = {
			isa = PBXSourcesBuildPhase;
			buildActionMask = 2147483647;
			files = (
				B38593CB195860B70095E0D1 /* main.m in Sources */,
				B38593CF195860B70095E0D1 /* BNRAppDelegate.m in Sources */,
			);
			runOnlyForDeploymentPostprocessing = 0;
		};
		B38593D2195860B70095E0D1 /* Sources */ = {
			isa = PBXSourcesBuildPhase;
			buildActionMask = 2147483647;
			files = (
				B38593E4195860B70095E0D1 /* HypnosisterTests.m in Sources */,
			);
			runOnlyForDeploymentPostprocessing = 0;
		};
/* End PBXSourcesBuildPhase section */

/* Begin PBXTargetDependency section */
		B38593DC195860B70095E0D1 /* PBXTargetDependency */ = {
			isa = PBXTargetDependency;
			target = B38593BA195860B70095E0D1 /* Hypnosister */;
			targetProxy = B38593DB195860B70095E0D1 /* PBXContainerItemProxy */;
		};
/* End PBXTargetDependency section */

/* Begin PBXVariantGroup section */
		B38593C7195860B70095E0D1 /* InfoPlist.strings */ = {
			isa = PBXVariantGroup;
			children = (
				B38593C8195860B70095E0D1 /* en */,
			);
			name = InfoPlist.strings;
			sourceTree = "<group>";
		};
		B38593E0195860B70095E0D1 /* InfoPlist.strings */ = {
			isa = PBXVariantGroup;
			children = (
				B38593E1195860B70095E0D1 /* en */,
			);
			name = InfoPlist.strings;
			sourceTree = "<group>";
		};
/* End PBXVariantGroup section */

/* Begin XCBuildConfiguration section */
		B38593E5195860B70095E0D1 /* Debug */ = {
			isa = XCBuildConfiguration;
			buildSettings = {
				ALWAYS_SEARCH_USER_PATHS = NO;
				CLANG_CXX_LANGUAGE_STANDARD = "gnu++0x";
				CLANG_CXX_LIBRARY = "libc++";
				CLANG_ENABLE_MODULES = YES;
				CLANG_ENABLE_OBJC_ARC = YES;
				CLANG_WARN_BOOL_CONVERSION = YES;
				CLANG_WARN_CONSTANT_CONVERSION = YES;
				CLANG_WARN_DIRECT_OBJC_ISA_USAGE = YES_ERROR;
				CLANG_WARN_EMPTY_BODY = YES;
				CLANG_WARN_ENUM_CONVERSION = YES;
				CLANG_WARN_INT_CONVERSION = YES;
				CLANG_WARN_OBJC_ROOT_CLASS = YES_ERROR;
				CLANG_WARN__DUPLICATE_METHOD_MATCH = YES;
				"CODE_SIGN_IDENTITY[sdk=iphoneos*]" = "iPhone Developer";
				COPY_PHASE_STRIP = NO;
				GCC_C_LANGUAGE_STANDARD = gnu99;
				GCC_DYNAMIC_NO_PIC = NO;
				GCC_OPTIMIZATION_LEVEL = 0;
				GCC_PREPROCESSOR_DEFINITIONS = (
					"DEBUG=1",
					"$(inherited)",
				);
				GCC_SYMBOLS_PRIVATE_EXTERN = NO;
				GCC_WARN_64_TO_32_BIT_CONVERSION = YES;
				GCC_WARN_ABOUT_RETURN_TYPE = YES_ERROR;
				GCC_WARN_UNDECLARED_SELECTOR = YES;
				GCC_WARN_UNINITIALIZED_AUTOS = YES_AGGRESSIVE;
				GCC_WARN_UNUSED_FUNCTION = YES;
				GCC_WARN_UNUSED_VARIABLE = YES;
				IPHONEOS_DEPLOYMENT_TARGET = 7.1;
				ONLY_ACTIVE_ARCH = YES;
				SDKROOT = iphoneos;
			};
			name = Debug;
		};
		B38593E6195860B70095E0D1 /* Release */ = {
			isa = XCBuildConfiguration;
			buildSettings = {
				ALWAYS_SEARCH_USER_PATHS = NO;
				CLANG_CXX_LANGUAGE_STANDARD = "gnu++0x";
				CLANG_CXX_LIBRARY = "libc++";
				CLANG_ENABLE_MODULES = YES;
				CLANG_ENABLE_OBJC_ARC = YES;
				CLANG_WARN_BOOL_CONVERSION = YES;
				CLANG_WARN_CONSTANT_CONVERSION = YES;
				CLANG_WARN_DIRECT_OBJC_ISA_USAGE = YES_ERROR;
				CLANG_WARN_EMPTY_BODY = YES;
				CLANG_WARN_ENUM_CONVERSION = YES;
				CLANG_WARN_INT_CONVERSION = YES;
				CLANG_WARN_OBJC_ROOT_CLASS = YES_ERROR;
				CLANG_WARN__DUPLICATE_METHOD_MATCH = YES;
				"CODE_SIGN_IDENTITY[sdk=iphoneos*]" = "iPhone Developer";
				COPY_PHASE_STRIP = YES;
				ENABLE_NS_ASSERTIONS = NO;
				GCC_C_LANGUAGE_STANDARD = gnu99;
				GCC_WARN_64_TO_32_BIT_CONVERSION = YES;
				GCC_WARN_ABOUT_RETURN_TYPE = YES_ERROR;
				GCC_WARN_UNDECLARED_SELECTOR = YES;
				GCC_WARN_UNINITIALIZED_AUTOS = YES_AGGRESSIVE;
				GCC_WARN_UNUSED_FUNCTION = YES;
				GCC_WARN_UNUSED_VARIABLE = YES;
				IPHONEOS_DEPLOYMENT_TARGET = 7.1;
				SDKROOT = iphoneos;
				VALIDATE_PRODUCT = YES;
			};
			name = Release;
		};
		B38593E8195860B70095E0D1 /* Debug */ = {
			isa = XCBuildConfiguration;
			buildSettings = {
				ASSETCATALOG_COMPILER_APPICON_NAME = AppIcon;
				ASSETCATALOG_COMPILER_LAUNCHIMAGE_NAME = LaunchImage;
				GCC_PRECOMPILE_PREFIX_HEADER = YES;
				GCC_PREFIX_HEADER = "Hypnosister/Hypnosister-Prefix.pch";
				INFOPLIST_FILE = "Hypnosister/Hypnosister-Info.plist";
				PRODUCT_NAME = "$(TARGET_NAME)";
				WRAPPER_EXTENSION = app;
			};
			name = Debug;
		};
		B38593E9195860B70095E0D1 /* Release */ = {
			isa = XCBuildConfiguration;
			buildSettings = {
				ASSETCATALOG_COMPILER_APPICON_NAME = AppIcon;
				ASSETCATALOG_COMPILER_LAUNCHIMAGE_NAME = LaunchImage;
				GCC_PRECOMPILE_PREFIX_HEADER = YES;
				GCC_PREFIX_HEADER = "Hypnosister/Hypnosister-Prefix.pch";
				INFOPLIST_FILE = "Hypnosister/Hypnosister-Info.plist";
				PRODUCT_NAME = "$(TARGET_NAME)";
				WRAPPER_EXTENSION = app;
			};
			name = Release;
		};
		B38593EB195860B70095E0D1 /* Debug */ = {
			isa = XCBuildConfiguration;
			buildSettings = {
				BUNDLE_LOADER = "$(BUILT_PRODUCTS_DIR)/Hypnosister.app/Hypnosister";
				FRAMEWORK_SEARCH_PATHS = (
					"$(SDKROOT)/Developer/Library/Frameworks",
					"$(inherited)",
					"$(DEVELOPER_FRAMEWORKS_DIR)",
				);
				GCC_PRECOMPILE_PREFIX_HEADER = YES;
				GCC_PREFIX_HEADER = "Hypnosister/Hypnosister-Prefix.pch";
				GCC_PREPROCESSOR_DEFINITIONS = (
					"DEBUG=1",
					"$(inherited)",
				);
				INFOPLIST_FILE = "HypnosisterTests/HypnosisterTests-Info.plist";
				PRODUCT_NAME = "$(TARGET_NAME)";
				TEST_HOST = "$(BUNDLE_LOADER)";
				WRAPPER_EXTENSION = xctest;
			};
			name = Debug;
		};
		B38593EC195860B70095E0D1 /* Release */ = {
			isa = XCBuildConfiguration;
			buildSettings = {
				BUNDLE_LOADER = "$(BUILT_PRODUCTS_DIR)/Hypnosister.app/Hypnosister";
				FRAMEWORK_SEARCH_PATHS = (
					"$(SDKROOT)/Developer/Library/Frameworks",
					"$(inherited)",
					"$(DEVELOPER_FRAMEWORKS_DIR)",
				);
				GCC_PRECOMPILE_PREFIX_HEADER = YES;
				GCC_PREFIX_HEADER = "Hypnosister/Hypnosister-Prefix.pch";
				INFOPLIST_FILE = "HypnosisterTests/HypnosisterTests-Info.plist";
				PRODUCT_NAME = "$(TARGET_NAME)";
				TEST_HOST = "$(BUNDLE_LOADER)";
				WRAPPER_EXTENSION = xctest;
			};
			name = Release;
		};
/* End XCBuildConfiguration section */

/* Begin XCConfigurationList section */
		B38593B6195860B70095E0D1 /* Build configuration list for PBXProject "Hypnosister" */ = {
			isa = XCConfigurationList;
			buildConfigurations = (
				B38593E5195860B70095E0D1 /* Debug */,
				B38593E6195860B70095E0D1 /* Release */,
			);
			defaultConfigurationIsVisible = 0;
			defaultConfigurationName = Release;
		};
		B38593E7195860B70095E0D1 /* Build configuration list for PBXNativeTarget "Hypnosister" */ = {
			isa = XCConfigurationList;
			buildConfigurations = (
				B38593E8195860B70095E0D1 /* Debug */,
				B38593E9195860B70095E0D1 /* Release */,
			);
			defaultConfigurationIsVisible = 0;
		};
		B38593EA195860B70095E0D1 /* Build configuration list for PBXNativeTarget "HypnosisterTests" */ = {
			isa = XCConfigurationList;
			buildConfigurations = (
				B38593EB195860B70095E0D1 /* Debug */,
				B38593EC195860B70095E0D1 /* Release */,
			);
			defaultConfigurationIsVisible = 0;
		};
/* End XCConfigurationList section */
	};
	rootObject = B38593B3195860B70095E0D1 /* Project object */;
}
